// !$*UTF8*$!
{
	archiveVersion = 1;
	classes = {
	};
	objectVersion = 50;
	objects = {

/* Begin PBXBuildFile section */
		53C922F325D7577600BD69B4 /* AppDelegate.swift in Sources */ = {isa = PBXBuildFile; fileRef = 53C922F225D7577600BD69B4 /* AppDelegate.swift */; };
		53C922F525D7577600BD69B4 /* SceneDelegate.swift in Sources */ = {isa = PBXBuildFile; fileRef = 53C922F425D7577600BD69B4 /* SceneDelegate.swift */; };
		53C922FA25D7577600BD69B4 /* Main.storyboard in Resources */ = {isa = PBXBuildFile; fileRef = 53C922F825D7577600BD69B4 /* Main.storyboard */; };
		53C922FC25D7577700BD69B4 /* Assets.xcassets in Resources */ = {isa = PBXBuildFile; fileRef = 53C922FB25D7577700BD69B4 /* Assets.xcassets */; };
		53C922FF25D7577700BD69B4 /* LaunchScreen.storyboard in Resources */ = {isa = PBXBuildFile; fileRef = 53C922FD25D7577700BD69B4 /* LaunchScreen.storyboard */; };
		53C9230A25D7577800BD69B4 /* flixsterTests.swift in Sources */ = {isa = PBXBuildFile; fileRef = 53C9230925D7577800BD69B4 /* flixsterTests.swift */; };
		53C9231525D7577800BD69B4 /* flixsterUITests.swift in Sources */ = {isa = PBXBuildFile; fileRef = 53C9231425D7577800BD69B4 /* flixsterUITests.swift */; };
		53C9232925D7582100BD69B4 /* MoviesViewController.swift in Sources */ = {isa = PBXBuildFile; fileRef = 53C9232825D7582100BD69B4 /* MoviesViewController.swift */; };
		53C9232E25D7646C00BD69B4 /* MovieCell.swift in Sources */ = {isa = PBXBuildFile; fileRef = 53C9232D25D7646C00BD69B4 /* MovieCell.swift */; };
/* End PBXBuildFile section */

/* Begin PBXContainerItemProxy section */
		53C9230625D7577800BD69B4 /* PBXContainerItemProxy */ = {
			isa = PBXContainerItemProxy;
			containerPortal = 53C922E725D7577600BD69B4 /* Project object */;
			proxyType = 1;
			remoteGlobalIDString = 53C922EE25D7577600BD69B4;
			remoteInfo = flixster;
		};
		53C9231125D7577800BD69B4 /* PBXContainerItemProxy */ = {
			isa = PBXContainerItemProxy;
			containerPortal = 53C922E725D7577600BD69B4 /* Project object */;
			proxyType = 1;
			remoteGlobalIDString = 53C922EE25D7577600BD69B4;
			remoteInfo = flixster;
		};
/* End PBXContainerItemProxy section */

/* Begin PBXFileReference section */
		53C922EF25D7577600BD69B4 /* flixster.app */ = {isa = PBXFileReference; explicitFileType = wrapper.application; includeInIndex = 0; path = flixster.app; sourceTree = BUILT_PRODUCTS_DIR; };
		53C922F225D7577600BD69B4 /* AppDelegate.swift */ = {isa = PBXFileReference; lastKnownFileType = sourcecode.swift; path = AppDelegate.swift; sourceTree = "<group>"; };
		53C922F425D7577600BD69B4 /* SceneDelegate.swift */ = {isa = PBXFileReference; lastKnownFileType = sourcecode.swift; path = SceneDelegate.swift; sourceTree = "<group>"; };
		53C922F925D7577600BD69B4 /* Base */ = {isa = PBXFileReference; lastKnownFileType = file.storyboard; name = Base; path = Base.lproj/Main.storyboard; sourceTree = "<group>"; };
		53C922FB25D7577700BD69B4 /* Assets.xcassets */ = {isa = PBXFileReference; lastKnownFileType = folder.assetcatalog; path = Assets.xcassets; sourceTree = "<group>"; };
		53C922FE25D7577700BD69B4 /* Base */ = {isa = PBXFileReference; lastKnownFileType = file.storyboard; name = Base; path = Base.lproj/LaunchScreen.storyboard; sourceTree = "<group>"; };
		53C9230025D7577700BD69B4 /* Info.plist */ = {isa = PBXFileReference; lastKnownFileType = text.plist.xml; path = Info.plist; sourceTree = "<group>"; };
		53C9230525D7577800BD69B4 /* flixsterTests.xctest */ = {isa = PBXFileReference; explicitFileType = wrapper.cfbundle; includeInIndex = 0; path = flixsterTests.xctest; sourceTree = BUILT_PRODUCTS_DIR; };
		53C9230925D7577800BD69B4 /* flixsterTests.swift */ = {isa = PBXFileReference; lastKnownFileType = sourcecode.swift; path = flixsterTests.swift; sourceTree = "<group>"; };
		53C9230B25D7577800BD69B4 /* Info.plist */ = {isa = PBXFileReference; lastKnownFileType = text.plist.xml; path = Info.plist; sourceTree = "<group>"; };
		53C9231025D7577800BD69B4 /* flixsterUITests.xctest */ = {isa = PBXFileReference; explicitFileType = wrapper.cfbundle; includeInIndex = 0; path = flixsterUITests.xctest; sourceTree = BUILT_PRODUCTS_DIR; };
		53C9231425D7577800BD69B4 /* flixsterUITests.swift */ = {isa = PBXFileReference; lastKnownFileType = sourcecode.swift; path = flixsterUITests.swift; sourceTree = "<group>"; };
		53C9231625D7577800BD69B4 /* Info.plist */ = {isa = PBXFileReference; lastKnownFileType = text.plist.xml; path = Info.plist; sourceTree = "<group>"; };
		53C9232825D7582100BD69B4 /* MoviesViewController.swift */ = {isa = PBXFileReference; lastKnownFileType = sourcecode.swift; path = MoviesViewController.swift; sourceTree = "<group>"; };
		53C9232D25D7646C00BD69B4 /* MovieCell.swift */ = {isa = PBXFileReference; lastKnownFileType = sourcecode.swift; path = MovieCell.swift; sourceTree = "<group>"; };
/* End PBXFileReference section */

/* Begin PBXFrameworksBuildPhase section */
		53C922EC25D7577600BD69B4 /* Frameworks */ = {
			isa = PBXFrameworksBuildPhase;
			buildActionMask = 2147483647;
			files = (
			);
			runOnlyForDeploymentPostprocessing = 0;
		};
		53C9230225D7577800BD69B4 /* Frameworks */ = {
			isa = PBXFrameworksBuildPhase;
			buildActionMask = 2147483647;
			files = (
			);
			runOnlyForDeploymentPostprocessing = 0;
		};
		53C9230D25D7577800BD69B4 /* Frameworks */ = {
			isa = PBXFrameworksBuildPhase;
			buildActionMask = 2147483647;
			files = (
			);
			runOnlyForDeploymentPostprocessing = 0;
		};
/* End PBXFrameworksBuildPhase section */

/* Begin PBXGroup section */
		53C922E625D7577600BD69B4 = {
			isa = PBXGroup;
			children = (
				53C922F125D7577600BD69B4 /* flixster */,
				53C9230825D7577800BD69B4 /* flixsterTests */,
				53C9231325D7577800BD69B4 /* flixsterUITests */,
				53C922F025D7577600BD69B4 /* Products */,
			);
			sourceTree = "<group>";
		};
		53C922F025D7577600BD69B4 /* Products */ = {
			isa = PBXGroup;
			children = (
				53C922EF25D7577600BD69B4 /* flixster.app */,
				53C9230525D7577800BD69B4 /* flixsterTests.xctest */,
				53C9231025D7577800BD69B4 /* flixsterUITests.xctest */,
			);
			name = Products;
			sourceTree = "<group>";
		};
		53C922F125D7577600BD69B4 /* flixster */ = {
			isa = PBXGroup;
			children = (
				53C922F225D7577600BD69B4 /* AppDelegate.swift */,
				53C922F425D7577600BD69B4 /* SceneDelegate.swift */,
				53C922F825D7577600BD69B4 /* Main.storyboard */,
				53C922FB25D7577700BD69B4 /* Assets.xcassets */,
				53C922FD25D7577700BD69B4 /* LaunchScreen.storyboard */,
				53C9230025D7577700BD69B4 /* Info.plist */,
				53C9232825D7582100BD69B4 /* MoviesViewController.swift */,
				53C9232D25D7646C00BD69B4 /* MovieCell.swift */,
			);
			path = flixster;
			sourceTree = "<group>";
		};
		53C9230825D7577800BD69B4 /* flixsterTests */ = {
			isa = PBXGroup;
			children = (
				53C9230925D7577800BD69B4 /* flixsterTests.swift */,
				53C9230B25D7577800BD69B4 /* Info.plist */,
			);
			path = flixsterTests;
			sourceTree = "<group>";
		};
		53C9231325D7577800BD69B4 /* flixsterUITests */ = {
			isa = PBXGroup;
			children = (
				53C9231425D7577800BD69B4 /* flixsterUITests.swift */,
				53C9231625D7577800BD69B4 /* Info.plist */,
			);
			path = flixsterUITests;
			sourceTree = "<group>";
		};
/* End PBXGroup section */

/* Begin PBXNativeTarget section */
		53C922EE25D7577600BD69B4 /* flixster */ = {
			isa = PBXNativeTarget;
			buildConfigurationList = 53C9231925D7577800BD69B4 /* Build configuration list for PBXNativeTarget "flixster" */;
			buildPhases = (
				53C922EB25D7577600BD69B4 /* Sources */,
				53C922EC25D7577600BD69B4 /* Frameworks */,
				53C922ED25D7577600BD69B4 /* Resources */,
			);
			buildRules = (
			);
			dependencies = (
			);
			name = flixster;
			productName = flixster;
			productReference = 53C922EF25D7577600BD69B4 /* flixster.app */;
			productType = "com.apple.product-type.application";
		};
		53C9230425D7577800BD69B4 /* flixsterTests */ = {
			isa = PBXNativeTarget;
			buildConfigurationList = 53C9231C25D7577800BD69B4 /* Build configuration list for PBXNativeTarget "flixsterTests" */;
			buildPhases = (
				53C9230125D7577800BD69B4 /* Sources */,
				53C9230225D7577800BD69B4 /* Frameworks */,
				53C9230325D7577800BD69B4 /* Resources */,
			);
			buildRules = (
			);
			dependencies = (
				53C9230725D7577800BD69B4 /* PBXTargetDependency */,
			);
			name = flixsterTests;
			productName = flixsterTests;
			productReference = 53C9230525D7577800BD69B4 /* flixsterTests.xctest */;
			productType = "com.apple.product-type.bundle.unit-test";
		};
		53C9230F25D7577800BD69B4 /* flixsterUITests */ = {
			isa = PBXNativeTarget;
			buildConfigurationList = 53C9231F25D7577800BD69B4 /* Build configuration list for PBXNativeTarget "flixsterUITests" */;
			buildPhases = (
				53C9230C25D7577800BD69B4 /* Sources */,
				53C9230D25D7577800BD69B4 /* Frameworks */,
				53C9230E25D7577800BD69B4 /* Resources */,
			);
			buildRules = (
			);
			dependencies = (
				53C9231225D7577800BD69B4 /* PBXTargetDependency */,
			);
			name = flixsterUITests;
			productName = flixsterUITests;
			productReference = 53C9231025D7577800BD69B4 /* flixsterUITests.xctest */;
			productType = "com.apple.product-type.bundle.ui-testing";
		};
/* End PBXNativeTarget section */

/* Begin PBXProject section */
		53C922E725D7577600BD69B4 /* Project object */ = {
			isa = PBXProject;
			attributes = {
				LastSwiftUpdateCheck = 1230;
				LastUpgradeCheck = 1230;
				TargetAttributes = {
					53C922EE25D7577600BD69B4 = {
						CreatedOnToolsVersion = 12.3;
					};
					53C9230425D7577800BD69B4 = {
						CreatedOnToolsVersion = 12.3;
						TestTargetID = 53C922EE25D7577600BD69B4;
					};
					53C9230F25D7577800BD69B4 = {
						CreatedOnToolsVersion = 12.3;
						TestTargetID = 53C922EE25D7577600BD69B4;
					};
				};
			};
			buildConfigurationList = 53C922EA25D7577600BD69B4 /* Build configuration list for PBXProject "flixster" */;
			compatibilityVersion = "Xcode 9.3";
			developmentRegion = en;
			hasScannedForEncodings = 0;
			knownRegions = (
				en,
				Base,
			);
			mainGroup = 53C922E625D7577600BD69B4;
			productRefGroup = 53C922F025D7577600BD69B4 /* Products */;
			projectDirPath = "";
			projectRoot = "";
			targets = (
				53C922EE25D7577600BD69B4 /* flixster */,
				53C9230425D7577800BD69B4 /* flixsterTests */,
				53C9230F25D7577800BD69B4 /* flixsterUITests */,
			);
		};
/* End PBXProject section */

/* Begin PBXResourcesBuildPhase section */
		53C922ED25D7577600BD69B4 /* Resources */ = {
			isa = PBXResourcesBuildPhase;
			buildActionMask = 2147483647;
			files = (
				53C922FF25D7577700BD69B4 /* LaunchScreen.storyboard in Resources */,
				53C922FC25D7577700BD69B4 /* Assets.xcassets in Resources */,
				53C922FA25D7577600BD69B4 /* Main.storyboard in Resources */,
			);
			runOnlyForDeploymentPostprocessing = 0;
		};
		53C9230325D7577800BD69B4 /* Resources */ = {
			isa = PBXResourcesBuildPhase;
			buildActionMask = 2147483647;
			files = (
			);
			runOnlyForDeploymentPostprocessing = 0;
		};
		53C9230E25D7577800BD69B4 /* Resources */ = {
			isa = PBXResourcesBuildPhase;
			buildActionMask = 2147483647;
			files = (
			);
			runOnlyForDeploymentPostprocessing = 0;
		};
/* End PBXResourcesBuildPhase section */

/* Begin PBXSourcesBuildPhase section */
		53C922EB25D7577600BD69B4 /* Sources */ = {
			isa = PBXSourcesBuildPhase;
			buildActionMask = 2147483647;
			files = (
				53C922F325D7577600BD69B4 /* AppDelegate.swift in Sources */,
				53C922F525D7577600BD69B4 /* SceneDelegate.swift in Sources */,
				53C9232E25D7646C00BD69B4 /* MovieCell.swift in Sources */,
				53C9232925D7582100BD69B4 /* MoviesViewController.swift in Sources */,
			);
			runOnlyForDeploymentPostprocessing = 0;
		};
		53C9230125D7577800BD69B4 /* Sources */ = {
			isa = PBXSourcesBuildPhase;
			buildActionMask = 2147483647;
			files = (
				53C9230A25D7577800BD69B4 /* flixsterTests.swift in Sources */,
			);
			runOnlyForDeploymentPostprocessing = 0;
		};
		53C9230C25D7577800BD69B4 /* Sources */ = {
			isa = PBXSourcesBuildPhase;
			buildActionMask = 2147483647;
			files = (
				53C9231525D7577800BD69B4 /* flixsterUITests.swift in Sources */,
			);
			runOnlyForDeploymentPostprocessing = 0;
		};
/* End PBXSourcesBuildPhase section */

/* Begin PBXTargetDependency section */
		53C9230725D7577800BD69B4 /* PBXTargetDependency */ = {
			isa = PBXTargetDependency;
			target = 53C922EE25D7577600BD69B4 /* flixster */;
			targetProxy = 53C9230625D7577800BD69B4 /* PBXContainerItemProxy */;
		};
		53C9231225D7577800BD69B4 /* PBXTargetDependency */ = {
			isa = PBXTargetDependency;
			target = 53C922EE25D7577600BD69B4 /* flixster */;
			targetProxy = 53C9231125D7577800BD69B4 /* PBXContainerItemProxy */;
		};
/* End PBXTargetDependency section */

/* Begin PBXVariantGroup section */
		53C922F825D7577600BD69B4 /* Main.storyboard */ = {
			isa = PBXVariantGroup;
			children = (
				53C922F925D7577600BD69B4 /* Base */,
			);
			name = Main.storyboard;
			sourceTree = "<group>";
		};
		53C922FD25D7577700BD69B4 /* LaunchScreen.storyboard */ = {
			isa = PBXVariantGroup;
			children = (
				53C922FE25D7577700BD69B4 /* Base */,
			);
			name = LaunchScreen.storyboard;
			sourceTree = "<group>";
		};
/* End PBXVariantGroup section */

/* Begin XCBuildConfiguration section */
		53C9231725D7577800BD69B4 /* Debug */ = {
			isa = XCBuildConfiguration;
			buildSettings = {
				ALWAYS_SEARCH_USER_PATHS = NO;
				CLANG_ANALYZER_NONNULL = YES;
				CLANG_ANALYZER_NUMBER_OBJECT_CONVERSION = YES_AGGRESSIVE;
				CLANG_CXX_LANGUAGE_STANDARD = "gnu++14";
				CLANG_CXX_LIBRARY = "libc++";
				CLANG_ENABLE_MODULES = YES;
				CLANG_ENABLE_OBJC_ARC = YES;
				CLANG_ENABLE_OBJC_WEAK = YES;
				CLANG_WARN_BLOCK_CAPTURE_AUTORELEASING = YES;
				CLANG_WARN_BOOL_CONVERSION = YES;
				CLANG_WARN_COMMA = YES;
				CLANG_WARN_CONSTANT_CONVERSION = YES;
				CLANG_WARN_DEPRECATED_OBJC_IMPLEMENTATIONS = YES;
				CLANG_WARN_DIRECT_OBJC_ISA_USAGE = YES_ERROR;
				CLANG_WARN_DOCUMENTATION_COMMENTS = YES;
				CLANG_WARN_EMPTY_BODY = YES;
				CLANG_WARN_ENUM_CONVERSION = YES;
				CLANG_WARN_INFINITE_RECURSION = YES;
				CLANG_WARN_INT_CONVERSION = YES;
				CLANG_WARN_NON_LITERAL_NULL_CONVERSION = YES;
				CLANG_WARN_OBJC_IMPLICIT_RETAIN_SELF = YES;
				CLANG_WARN_OBJC_LITERAL_CONVERSION = YES;
				CLANG_WARN_OBJC_ROOT_CLASS = YES_ERROR;
				CLANG_WARN_QUOTED_INCLUDE_IN_FRAMEWORK_HEADER = YES;
				CLANG_WARN_RANGE_LOOP_ANALYSIS = YES;
				CLANG_WARN_STRICT_PROTOTYPES = YES;
				CLANG_WARN_SUSPICIOUS_MOVE = YES;
				CLANG_WARN_UNGUARDED_AVAILABILITY = YES_AGGRESSIVE;
				CLANG_WARN_UNREACHABLE_CODE = YES;
				CLANG_WARN__DUPLICATE_METHOD_MATCH = YES;
				COPY_PHASE_STRIP = NO;
				DEBUG_INFORMATION_FORMAT = dwarf;
				ENABLE_STRICT_OBJC_MSGSEND = YES;
				ENABLE_TESTABILITY = YES;
				GCC_C_LANGUAGE_STANDARD = gnu11;
				GCC_DYNAMIC_NO_PIC = NO;
				GCC_NO_COMMON_BLOCKS = YES;
				GCC_OPTIMIZATION_LEVEL = 0;
				GCC_PREPROCESSOR_DEFINITIONS = (
					"DEBUG=1",
					"$(inherited)",
				);
				GCC_WARN_64_TO_32_BIT_CONVERSION = YES;
				GCC_WARN_ABOUT_RETURN_TYPE = YES_ERROR;
				GCC_WARN_UNDECLARED_SELECTOR = YES;
				GCC_WARN_UNINITIALIZED_AUTOS = YES_AGGRESSIVE;
				GCC_WARN_UNUSED_FUNCTION = YES;
				GCC_WARN_UNUSED_VARIABLE = YES;
				IPHONEOS_DEPLOYMENT_TARGET = 14.3;
				MTL_ENABLE_DEBUG_INFO = INCLUDE_SOURCE;
				MTL_FAST_MATH = YES;
				ONLY_ACTIVE_ARCH = YES;
				SDKROOT = iphoneos;
				SWIFT_ACTIVE_COMPILATION_CONDITIONS = DEBUG;
				SWIFT_OPTIMIZATION_LEVEL = "-Onone";
			};
			name = Debug;
		};
		53C9231825D7577800BD69B4 /* Release */ = {
			isa = XCBuildConfiguration;
			buildSettings = {
				ALWAYS_SEARCH_USER_PATHS = NO;
				CLANG_ANALYZER_NONNULL = YES;
				CLANG_ANALYZER_NUMBER_OBJECT_CONVERSION = YES_AGGRESSIVE;
				CLANG_CXX_LANGUAGE_STANDARD = "gnu++14";
				CLANG_CXX_LIBRARY = "libc++";
				CLANG_ENABLE_MODULES = YES;
				CLANG_ENABLE_OBJC_ARC = YES;
				CLANG_ENABLE_OBJC_WEAK = YES;
				CLANG_WARN_BLOCK_CAPTURE_AUTORELEASING = YES;
				CLANG_WARN_BOOL_CONVERSION = YES;
				CLANG_WARN_COMMA = YES;
				CLANG_WARN_CONSTANT_CONVERSION = YES;
				CLANG_WARN_DEPRECATED_OBJC_IMPLEMENTATIONS = YES;
				CLANG_WARN_DIRECT_OBJC_ISA_USAGE = YES_ERROR;
				CLANG_WARN_DOCUMENTATION_COMMENTS = YES;
				CLANG_WARN_EMPTY_BODY = YES;
				CLANG_WARN_ENUM_CONVERSION = YES;
				CLANG_WARN_INFINITE_RECURSION = YES;
				CLANG_WARN_INT_CONVERSION = YES;
				CLANG_WARN_NON_LITERAL_NULL_CONVERSION = YES;
				CLANG_WARN_OBJC_IMPLICIT_RETAIN_SELF = YES;
				CLANG_WARN_OBJC_LITERAL_CONVERSION = YES;
				CLANG_WARN_OBJC_ROOT_CLASS = YES_ERROR;
				CLANG_WARN_QUOTED_INCLUDE_IN_FRAMEWORK_HEADER = YES;
				CLANG_WARN_RANGE_LOOP_ANALYSIS = YES;
				CLANG_WARN_STRICT_PROTOTYPES = YES;
				CLANG_WARN_SUSPICIOUS_MOVE = YES;
				CLANG_WARN_UNGUARDED_AVAILABILITY = YES_AGGRESSIVE;
				CLANG_WARN_UNREACHABLE_CODE = YES;
				CLANG_WARN__DUPLICATE_METHOD_MATCH = YES;
				COPY_PHASE_STRIP = NO;
				DEBUG_INFORMATION_FORMAT = "dwarf-with-dsym";
				ENABLE_NS_ASSERTIONS = NO;
				ENABLE_STRICT_OBJC_MSGSEND = YES;
				GCC_C_LANGUAGE_STANDARD = gnu11;
				GCC_NO_COMMON_BLOCKS = YES;
				GCC_WARN_64_TO_32_BIT_CONVERSION = YES;
				GCC_WARN_ABOUT_RETURN_TYPE = YES_ERROR;
				GCC_WARN_UNDECLARED_SELECTOR = YES;
				GCC_WARN_UNINITIALIZED_AUTOS = YES_AGGRESSIVE;
				GCC_WARN_UNUSED_FUNCTION = YES;
				GCC_WARN_UNUSED_VARIABLE = YES;
				IPHONEOS_DEPLOYMENT_TARGET = 14.3;
				MTL_ENABLE_DEBUG_INFO = NO;
				MTL_FAST_MATH = YES;
				SDKROOT = iphoneos;
				SWIFT_COMPILATION_MODE = wholemodule;
				SWIFT_OPTIMIZATION_LEVEL = "-O";
				VALIDATE_PRODUCT = YES;
			};
			name = Release;
		};
		53C9231A25D7577800BD69B4 /* Debug */ = {
			isa = XCBuildConfiguration;
			buildSettings = {
				ASSETCATALOG_COMPILER_APPICON_NAME = AppIcon;
				ASSETCATALOG_COMPILER_GLOBAL_ACCENT_COLOR_NAME = AccentColor;
				CODE_SIGN_STYLE = Automatic;
				INFOPLIST_FILE = flixster/Info.plist;
				LD_RUNPATH_SEARCH_PATHS = (
					"$(inherited)",
					"@executable_path/Frameworks",
				);
				PRODUCT_BUNDLE_IDENTIFIER = memo.com.flixster;
				PRODUCT_NAME = "$(TARGET_NAME)";
				SWIFT_VERSION = 5.0;
				TARGETED_DEVICE_FAMILY = "1,2";
			};
			name = Debug;
		};
		53C9231B25D7577800BD69B4 /* Release */ = {
			isa = XCBuildConfiguration;
			buildSettings = {
				ASSETCATALOG_COMPILER_APPICON_NAME = AppIcon;
				ASSETCATALOG_COMPILER_GLOBAL_ACCENT_COLOR_NAME = AccentColor;
				CODE_SIGN_STYLE = Automatic;
				INFOPLIST_FILE = flixster/Info.plist;
				LD_RUNPATH_SEARCH_PATHS = (
					"$(inherited)",
					"@executable_path/Frameworks",
				);
				PRODUCT_BUNDLE_IDENTIFIER = memo.com.flixster;
				PRODUCT_NAME = "$(TARGET_NAME)";
				SWIFT_VERSION = 5.0;
				TARGETED_DEVICE_FAMILY = "1,2";
			};
			name = Release;
		};
		53C9231D25D7577800BD69B4 /* Debug */ = {
			isa = XCBuildConfiguration;
			buildSettings = {
				ALWAYS_EMBED_SWIFT_STANDARD_LIBRARIES = YES;
				BUNDLE_LOADER = "$(TEST_HOST)";
				CODE_SIGN_STYLE = Automatic;
				INFOPLIST_FILE = flixsterTests/Info.plist;
				IPHONEOS_DEPLOYMENT_TARGET = 14.3;
				LD_RUNPATH_SEARCH_PATHS = (
					"$(inherited)",
					"@executable_path/Frameworks",
					"@loader_path/Frameworks",
				);
				PRODUCT_BUNDLE_IDENTIFIER = memo.com.flixsterTests;
				PRODUCT_NAME = "$(TARGET_NAME)";
				SWIFT_VERSION = 5.0;
				TARGETED_DEVICE_FAMILY = "1,2";
				TEST_HOST = "$(BUILT_PRODUCTS_DIR)/flixster.app/flixster";
			};
			name = Debug;
		};
		53C9231E25D7577800BD69B4 /* Release */ = {
			isa = XCBuildConfiguration;
			buildSettings = {
				ALWAYS_EMBED_SWIFT_STANDARD_LIBRARIES = YES;
				BUNDLE_LOADER = "$(TEST_HOST)";
				CODE_SIGN_STYLE = Automatic;
				INFOPLIST_FILE = flixsterTests/Info.plist;
				IPHONEOS_DEPLOYMENT_TARGET = 14.3;
				LD_RUNPATH_SEARCH_PATHS = (
					"$(inherited)",
					"@executable_path/Frameworks",
					"@loader_path/Frameworks",
				);
				PRODUCT_BUNDLE_IDENTIFIER = memo.com.flixsterTests;
				PRODUCT_NAME = "$(TARGET_NAME)";
				SWIFT_VERSION = 5.0;
				TARGETED_DEVICE_FAMILY = "1,2";
				TEST_HOST = "$(BUILT_PRODUCTS_DIR)/flixster.app/flixster";
			};
			name = Release;
		};
		53C9232025D7577800BD69B4 /* Debug */ = {
			isa = XCBuildConfiguration;
			buildSettings = {
				ALWAYS_EMBED_SWIFT_STANDARD_LIBRARIES = YES;
				CODE_SIGN_STYLE = Automatic;
				INFOPLIST_FILE = flixsterUITests/Info.plist;
				LD_RUNPATH_SEARCH_PATHS = (
					"$(inherited)",
					"@executable_path/Frameworks",
					"@loader_path/Frameworks",
				);
				PRODUCT_BUNDLE_IDENTIFIER = memo.com.flixsterUITests;
				PRODUCT_NAME = "$(TARGET_NAME)";
				SWIFT_VERSION = 5.0;
				TARGETED_DEVICE_FAMILY = "1,2";
				TEST_TARGET_NAME = flixster;
			};
			name = Debug;
		};
		53C9232125D7577800BD69B4 /* Release */ = {
			isa = XCBuildConfiguration;
			buildSettings = {
				ALWAYS_EMBED_SWIFT_STANDARD_LIBRARIES = YES;
				CODE_SIGN_STYLE = Automatic;
				INFOPLIST_FILE = flixsterUITests/Info.plist;
				LD_RUNPATH_SEARCH_PATHS = (
					"$(inherited)",
					"@executable_path/Frameworks",
					"@loader_path/Frameworks",
				);
				PRODUCT_BUNDLE_IDENTIFIER = memo.com.flixsterUITests;
				PRODUCT_NAME = "$(TARGET_NAME)";
				SWIFT_VERSION = 5.0;
				TARGETED_DEVICE_FAMILY = "1,2";
				TEST_TARGET_NAME = flixster;
			};
			name = Release;
		};
/* End XCBuildConfiguration section */

/* Begin XCConfigurationList section */
		53C922EA25D7577600BD69B4 /* Build configuration list for PBXProject "flixster" */ = {
			isa = XCConfigurationList;
			buildConfigurations = (
				53C9231725D7577800BD69B4 /* Debug */,
				53C9231825D7577800BD69B4 /* Release */,
			);
			defaultConfigurationIsVisible = 0;
			defaultConfigurationName = Release;
		};
		53C9231925D7577800BD69B4 /* Build configuration list for PBXNativeTarget "flixster" */ = {
			isa = XCConfigurationList;
			buildConfigurations = (
				53C9231A25D7577800BD69B4 /* Debug */,
				53C9231B25D7577800BD69B4 /* Release */,
			);
			defaultConfigurationIsVisible = 0;
			defaultConfigurationName = Release;
		};
		53C9231C25D7577800BD69B4 /* Build configuration list for PBXNativeTarget "flixsterTests" */ = {
			isa = XCConfigurationList;
			buildConfigurations = (
				53C9231D25D7577800BD69B4 /* Debug */,
				53C9231E25D7577800BD69B4 /* Release */,
			);
			defaultConfigurationIsVisible = 0;
			defaultConfigurationName = Release;
		};
		53C9231F25D7577800BD69B4 /* Build configuration list for PBXNativeTarget "flixsterUITests" */ = {
			isa = XCConfigurationList;
			buildConfigurations = (
				53C9232025D7577800BD69B4 /* Debug */,
				53C9232125D7577800BD69B4 /* Release */,
			);
			defaultConfigurationIsVisible = 0;
			defaultConfigurationName = Release;
		};
/* End XCConfigurationList section */
	};
	rootObject = 53C922E725D7577600BD69B4 /* Project object */;
}
